// !$*UTF8*$!
{
	archiveVersion = 1;
	classes = {
	};
	objectVersion = 46;
	objects = {

/* Begin PBXBuildFile section */
		7E1C046519A1036F001082CC /* AFHTTPRequestOperation.m in Sources */ = {isa = PBXBuildFile; fileRef = 7E1C045119A1036F001082CC /* AFHTTPRequestOperation.m */; };
		7E1C046619A1036F001082CC /* AFHTTPRequestOperationManager.m in Sources */ = {isa = PBXBuildFile; fileRef = 7E1C045319A1036F001082CC /* AFHTTPRequestOperationManager.m */; };
		7E1C046719A1036F001082CC /* AFHTTPSessionManager.m in Sources */ = {isa = PBXBuildFile; fileRef = 7E1C045519A1036F001082CC /* AFHTTPSessionManager.m */; };
		7E1C046819A1036F001082CC /* AFNetworkReachabilityManager.m in Sources */ = {isa = PBXBuildFile; fileRef = 7E1C045819A1036F001082CC /* AFNetworkReachabilityManager.m */; };
		7E1C046919A1036F001082CC /* AFSecurityPolicy.m in Sources */ = {isa = PBXBuildFile; fileRef = 7E1C045A19A1036F001082CC /* AFSecurityPolicy.m */; };
		7E1C046A19A1036F001082CC /* AFURLConnectionOperation.m in Sources */ = {isa = PBXBuildFile; fileRef = 7E1C045C19A1036F001082CC /* AFURLConnectionOperation.m */; };
		7E1C046B19A1036F001082CC /* AFURLRequestSerialization.m in Sources */ = {isa = PBXBuildFile; fileRef = 7E1C045E19A1036F001082CC /* AFURLRequestSerialization.m */; };
		7E1C046C19A1036F001082CC /* AFURLResponseSerialization.m in Sources */ = {isa = PBXBuildFile; fileRef = 7E1C046019A1036F001082CC /* AFURLResponseSerialization.m */; };
		7E1C046D19A1036F001082CC /* AFURLSessionManager.m in Sources */ = {isa = PBXBuildFile; fileRef = 7E1C046219A1036F001082CC /* AFURLSessionManager.m */; };
		7E1C046E19A1036F001082CC /* Reachability.m in Sources */ = {isa = PBXBuildFile; fileRef = 7E1C046419A1036F001082CC /* Reachability.m */; };
		BD1EF0021994D532005E670C /* OfflineCacheJsonDelegate.m in Sources */ = {isa = PBXBuildFile; fileRef = BD1EF0011994D532005E670C /* OfflineCacheJsonDelegate.m */; };
		BD1EF0081994D6CB005E670C /* CHANGELOG.md in Resources */ = {isa = PBXBuildFile; fileRef = BD1EF0041994D6CB005E670C /* CHANGELOG.md */; };
		BD1EF0091994D6CB005E670C /* JSONKit.m in Sources */ = {isa = PBXBuildFile; fileRef = BD1EF0061994D6CB005E670C /* JSONKit.m */; settings = {COMPILER_FLAGS = "-fno-objc-arc"; }; };
		BD1EF00A1994D6CB005E670C /* README.md in Resources */ = {isa = PBXBuildFile; fileRef = BD1EF0071994D6CB005E670C /* README.md */; };
		BD21879D1995E2EA00C6C515 /* MKAnnotationView+WebCache.m in Sources */ = {isa = PBXBuildFile; fileRef = BD21877D1995E2EA00C6C515 /* MKAnnotationView+WebCache.m */; };
		BD21879E1995E2EA00C6C515 /* NSData+ImageContentType.m in Sources */ = {isa = PBXBuildFile; fileRef = BD21877F1995E2EA00C6C515 /* NSData+ImageContentType.m */; };
		BD21879F1995E2EA00C6C515 /* SDImageCache.m in Sources */ = {isa = PBXBuildFile; fileRef = BD2187811995E2EA00C6C515 /* SDImageCache.m */; };
		BD2187A01995E2EA00C6C515 /* SDWebImageCompat.m in Sources */ = {isa = PBXBuildFile; fileRef = BD2187831995E2EA00C6C515 /* SDWebImageCompat.m */; };
		BD2187A11995E2EA00C6C515 /* SDWebImageDecoder.m in Sources */ = {isa = PBXBuildFile; fileRef = BD2187851995E2EA00C6C515 /* SDWebImageDecoder.m */; };
		BD2187A21995E2EA00C6C515 /* SDWebImageDownloader.m in Sources */ = {isa = PBXBuildFile; fileRef = BD2187871995E2EA00C6C515 /* SDWebImageDownloader.m */; };
		BD2187A31995E2EA00C6C515 /* SDWebImageDownloaderOperation.m in Sources */ = {isa = PBXBuildFile; fileRef = BD2187891995E2EA00C6C515 /* SDWebImageDownloaderOperation.m */; };
		BD2187A41995E2EA00C6C515 /* SDWebImageManager.m in Sources */ = {isa = PBXBuildFile; fileRef = BD21878B1995E2EA00C6C515 /* SDWebImageManager.m */; };
		BD2187A51995E2EA00C6C515 /* SDWebImagePrefetcher.m in Sources */ = {isa = PBXBuildFile; fileRef = BD21878E1995E2EA00C6C515 /* SDWebImagePrefetcher.m */; };
		BD2187A61995E2EA00C6C515 /* UIButton+WebCache.m in Sources */ = {isa = PBXBuildFile; fileRef = BD2187901995E2EA00C6C515 /* UIButton+WebCache.m */; };
		BD2187A71995E2EA00C6C515 /* UIImage+GIF.m in Sources */ = {isa = PBXBuildFile; fileRef = BD2187921995E2EA00C6C515 /* UIImage+GIF.m */; };
		BD2187A81995E2EA00C6C515 /* UIImage+MultiFormat.m in Sources */ = {isa = PBXBuildFile; fileRef = BD2187941995E2EA00C6C515 /* UIImage+MultiFormat.m */; };
		BD2187A91995E2EA00C6C515 /* UIImage+WebP.m in Sources */ = {isa = PBXBuildFile; fileRef = BD2187961995E2EA00C6C515 /* UIImage+WebP.m */; };
		BD2187AA1995E2EA00C6C515 /* UIImageView+HighlightedWebCache.m in Sources */ = {isa = PBXBuildFile; fileRef = BD2187981995E2EA00C6C515 /* UIImageView+HighlightedWebCache.m */; };
		BD2187AB1995E2EA00C6C515 /* UIImageView+WebCache.m in Sources */ = {isa = PBXBuildFile; fileRef = BD21879A1995E2EA00C6C515 /* UIImageView+WebCache.m */; };
		BD2187AC1995E2EA00C6C515 /* UIView+WebCacheOperation.m in Sources */ = {isa = PBXBuildFile; fileRef = BD21879C1995E2EA00C6C515 /* UIView+WebCacheOperation.m */; };
		BDC9558E198F9B480056A557 /* Foundation.framework in Frameworks */ = {isa = PBXBuildFile; fileRef = BDC9558D198F9B480056A557 /* Foundation.framework */; };
		BDC95590198F9B480056A557 /* CoreGraphics.framework in Frameworks */ = {isa = PBXBuildFile; fileRef = BDC9558F198F9B480056A557 /* CoreGraphics.framework */; };
		BDC95592198F9B480056A557 /* UIKit.framework in Frameworks */ = {isa = PBXBuildFile; fileRef = BDC95591198F9B480056A557 /* UIKit.framework */; };
		BDC95598198F9B480056A557 /* InfoPlist.strings in Resources */ = {isa = PBXBuildFile; fileRef = BDC95596198F9B480056A557 /* InfoPlist.strings */; };
		BDC9559A198F9B480056A557 /* main.m in Sources */ = {isa = PBXBuildFile; fileRef = BDC95599198F9B480056A557 /* main.m */; };
		BDC9559E198F9B480056A557 /* AppDelegate.m in Sources */ = {isa = PBXBuildFile; fileRef = BDC9559D198F9B480056A557 /* AppDelegate.m */; };
		BDC955A0198F9B480056A557 /* Images.xcassets in Resources */ = {isa = PBXBuildFile; fileRef = BDC9559F198F9B480056A557 /* Images.xcassets */; };
		BDC955A7198F9B480056A557 /* XCTest.framework in Frameworks */ = {isa = PBXBuildFile; fileRef = BDC955A6198F9B480056A557 /* XCTest.framework */; };
		BDC955A8198F9B480056A557 /* Foundation.framework in Frameworks */ = {isa = PBXBuildFile; fileRef = BDC9558D198F9B480056A557 /* Foundation.framework */; };
		BDC955A9198F9B480056A557 /* UIKit.framework in Frameworks */ = {isa = PBXBuildFile; fileRef = BDC95591198F9B480056A557 /* UIKit.framework */; };
		BDC955B1198F9B480056A557 /* InfoPlist.strings in Resources */ = {isa = PBXBuildFile; fileRef = BDC955AF198F9B480056A557 /* InfoPlist.strings */; };
		BDC955B3198F9B480056A557 /* MapViewSDKTests.m in Sources */ = {isa = PBXBuildFile; fileRef = BDC955B2198F9B480056A557 /* MapViewSDKTests.m */; };
		BDC955BD198F9FAB0056A557 /* ArcGIS.framework in Frameworks */ = {isa = PBXBuildFile; fileRef = BDC955BC198F9FAB0056A557 /* ArcGIS.framework */; };
		BDF9CC0A19923DE7001D05F8 /* OfflineTiledLayer.m in Sources */ = {isa = PBXBuildFile; fileRef = BDF9CC0619923DE7001D05F8 /* OfflineTiledLayer.m */; };
		BDF9CC0B19923DE7001D05F8 /* OfflineTileOperation.m in Sources */ = {isa = PBXBuildFile; fileRef = BDF9CC0819923DE7001D05F8 /* OfflineTileOperation.m */; };
/* End PBXBuildFile section */

/* Begin PBXContainerItemProxy section */
		BDC955AA198F9B480056A557 /* PBXContainerItemProxy */ = {
			isa = PBXContainerItemProxy;
			containerPortal = BDC95582198F9B480056A557 /* Project object */;
			proxyType = 1;
			remoteGlobalIDString = BDC95589198F9B480056A557;
			remoteInfo = MapViewSDK;
		};
/* End PBXContainerItemProxy section */

/* Begin PBXFileReference section */
		7E1C045019A1036F001082CC /* AFHTTPRequestOperation.h */ = {isa = PBXFileReference; fileEncoding = 4; lastKnownFileType = sourcecode.c.h; path = AFHTTPRequestOperation.h; sourceTree = "<group>"; };
		7E1C045119A1036F001082CC /* AFHTTPRequestOperation.m */ = {isa = PBXFileReference; fileEncoding = 4; lastKnownFileType = sourcecode.c.objc; path = AFHTTPRequestOperation.m; sourceTree = "<group>"; };
		7E1C045219A1036F001082CC /* AFHTTPRequestOperationManager.h */ = {isa = PBXFileReference; fileEncoding = 4; lastKnownFileType = sourcecode.c.h; path = AFHTTPRequestOperationManager.h; sourceTree = "<group>"; };
		7E1C045319A1036F001082CC /* AFHTTPRequestOperationManager.m */ = {isa = PBXFileReference; fileEncoding = 4; lastKnownFileType = sourcecode.c.objc; path = AFHTTPRequestOperationManager.m; sourceTree = "<group>"; };
		7E1C045419A1036F001082CC /* AFHTTPSessionManager.h */ = {isa = PBXFileReference; fileEncoding = 4; lastKnownFileType = sourcecode.c.h; path = AFHTTPSessionManager.h; sourceTree = "<group>"; };
		7E1C045519A1036F001082CC /* AFHTTPSessionManager.m */ = {isa = PBXFileReference; fileEncoding = 4; lastKnownFileType = sourcecode.c.objc; path = AFHTTPSessionManager.m; sourceTree = "<group>"; };
		7E1C045619A1036F001082CC /* AFNetworking.h */ = {isa = PBXFileReference; fileEncoding = 4; lastKnownFileType = sourcecode.c.h; path = AFNetworking.h; sourceTree = "<group>"; };
		7E1C045719A1036F001082CC /* AFNetworkReachabilityManager.h */ = {isa = PBXFileReference; fileEncoding = 4; lastKnownFileType = sourcecode.c.h; path = AFNetworkReachabilityManager.h; sourceTree = "<group>"; };
		7E1C045819A1036F001082CC /* AFNetworkReachabilityManager.m */ = {isa = PBXFileReference; fileEncoding = 4; lastKnownFileType = sourcecode.c.objc; path = AFNetworkReachabilityManager.m; sourceTree = "<group>"; };
		7E1C045919A1036F001082CC /* AFSecurityPolicy.h */ = {isa = PBXFileReference; fileEncoding = 4; lastKnownFileType = sourcecode.c.h; path = AFSecurityPolicy.h; sourceTree = "<group>"; };
		7E1C045A19A1036F001082CC /* AFSecurityPolicy.m */ = {isa = PBXFileReference; fileEncoding = 4; lastKnownFileType = sourcecode.c.objc; path = AFSecurityPolicy.m; sourceTree = "<group>"; };
		7E1C045B19A1036F001082CC /* AFURLConnectionOperation.h */ = {isa = PBXFileReference; fileEncoding = 4; lastKnownFileType = sourcecode.c.h; path = AFURLConnectionOperation.h; sourceTree = "<group>"; };
		7E1C045C19A1036F001082CC /* AFURLConnectionOperation.m */ = {isa = PBXFileReference; fileEncoding = 4; lastKnownFileType = sourcecode.c.objc; path = AFURLConnectionOperation.m; sourceTree = "<group>"; };
		7E1C045D19A1036F001082CC /* AFURLRequestSerialization.h */ = {isa = PBXFileReference; fileEncoding = 4; lastKnownFileType = sourcecode.c.h; path = AFURLRequestSerialization.h; sourceTree = "<group>"; };
		7E1C045E19A1036F001082CC /* AFURLRequestSerialization.m */ = {isa = PBXFileReference; fileEncoding = 4; lastKnownFileType = sourcecode.c.objc; path = AFURLRequestSerialization.m; sourceTree = "<group>"; };
		7E1C045F19A1036F001082CC /* AFURLResponseSerialization.h */ = {isa = PBXFileReference; fileEncoding = 4; lastKnownFileType = sourcecode.c.h; path = AFURLResponseSerialization.h; sourceTree = "<group>"; };
		7E1C046019A1036F001082CC /* AFURLResponseSerialization.m */ = {isa = PBXFileReference; fileEncoding = 4; lastKnownFileType = sourcecode.c.objc; path = AFURLResponseSerialization.m; sourceTree = "<group>"; };
		7E1C046119A1036F001082CC /* AFURLSessionManager.h */ = {isa = PBXFileReference; fileEncoding = 4; lastKnownFileType = sourcecode.c.h; path = AFURLSessionManager.h; sourceTree = "<group>"; };
		7E1C046219A1036F001082CC /* AFURLSessionManager.m */ = {isa = PBXFileReference; fileEncoding = 4; lastKnownFileType = sourcecode.c.objc; path = AFURLSessionManager.m; sourceTree = "<group>"; };
		7E1C046319A1036F001082CC /* Reachability.h */ = {isa = PBXFileReference; fileEncoding = 4; lastKnownFileType = sourcecode.c.h; path = Reachability.h; sourceTree = "<group>"; };
		7E1C046419A1036F001082CC /* Reachability.m */ = {isa = PBXFileReference; fileEncoding = 4; lastKnownFileType = sourcecode.c.objc; path = Reachability.m; sourceTree = "<group>"; };
		BD1EF0001994D532005E670C /* OfflineCacheJsonDelegate.h */ = {isa = PBXFileReference; fileEncoding = 4; lastKnownFileType = sourcecode.c.h; path = OfflineCacheJsonDelegate.h; sourceTree = "<group>"; };
		BD1EF0011994D532005E670C /* OfflineCacheJsonDelegate.m */ = {isa = PBXFileReference; fileEncoding = 4; lastKnownFileType = sourcecode.c.objc; path = OfflineCacheJsonDelegate.m; sourceTree = "<group>"; };
		BD1EF0041994D6CB005E670C /* CHANGELOG.md */ = {isa = PBXFileReference; fileEncoding = 4; lastKnownFileType = text; path = CHANGELOG.md; sourceTree = "<group>"; };
		BD1EF0051994D6CB005E670C /* JSONKit.h */ = {isa = PBXFileReference; fileEncoding = 4; lastKnownFileType = sourcecode.c.h; path = JSONKit.h; sourceTree = "<group>"; };
		BD1EF0061994D6CB005E670C /* JSONKit.m */ = {isa = PBXFileReference; fileEncoding = 4; lastKnownFileType = sourcecode.c.objc; path = JSONKit.m; sourceTree = "<group>"; };
		BD1EF0071994D6CB005E670C /* README.md */ = {isa = PBXFileReference; fileEncoding = 4; lastKnownFileType = text; path = README.md; sourceTree = "<group>"; };
		BD21877C1995E2EA00C6C515 /* MKAnnotationView+WebCache.h */ = {isa = PBXFileReference; fileEncoding = 4; lastKnownFileType = sourcecode.c.h; path = "MKAnnotationView+WebCache.h"; sourceTree = "<group>"; };
		BD21877D1995E2EA00C6C515 /* MKAnnotationView+WebCache.m */ = {isa = PBXFileReference; fileEncoding = 4; lastKnownFileType = sourcecode.c.objc; path = "MKAnnotationView+WebCache.m"; sourceTree = "<group>"; };
		BD21877E1995E2EA00C6C515 /* NSData+ImageContentType.h */ = {isa = PBXFileReference; fileEncoding = 4; lastKnownFileType = sourcecode.c.h; path = "NSData+ImageContentType.h"; sourceTree = "<group>"; };
		BD21877F1995E2EA00C6C515 /* NSData+ImageContentType.m */ = {isa = PBXFileReference; fileEncoding = 4; lastKnownFileType = sourcecode.c.objc; path = "NSData+ImageContentType.m"; sourceTree = "<group>"; };
		BD2187801995E2EA00C6C515 /* SDImageCache.h */ = {isa = PBXFileReference; fileEncoding = 4; lastKnownFileType = sourcecode.c.h; path = SDImageCache.h; sourceTree = "<group>"; };
		BD2187811995E2EA00C6C515 /* SDImageCache.m */ = {isa = PBXFileReference; fileEncoding = 4; lastKnownFileType = sourcecode.c.objc; path = SDImageCache.m; sourceTree = "<group>"; };
		BD2187821995E2EA00C6C515 /* SDWebImageCompat.h */ = {isa = PBXFileReference; fileEncoding = 4; lastKnownFileType = sourcecode.c.h; path = SDWebImageCompat.h; sourceTree = "<group>"; };
		BD2187831995E2EA00C6C515 /* SDWebImageCompat.m */ = {isa = PBXFileReference; fileEncoding = 4; lastKnownFileType = sourcecode.c.objc; path = SDWebImageCompat.m; sourceTree = "<group>"; };
		BD2187841995E2EA00C6C515 /* SDWebImageDecoder.h */ = {isa = PBXFileReference; fileEncoding = 4; lastKnownFileType = sourcecode.c.h; path = SDWebImageDecoder.h; sourceTree = "<group>"; };
		BD2187851995E2EA00C6C515 /* SDWebImageDecoder.m */ = {isa = PBXFileReference; fileEncoding = 4; lastKnownFileType = sourcecode.c.objc; path = SDWebImageDecoder.m; sourceTree = "<group>"; };
		BD2187861995E2EA00C6C515 /* SDWebImageDownloader.h */ = {isa = PBXFileReference; fileEncoding = 4; lastKnownFileType = sourcecode.c.h; path = SDWebImageDownloader.h; sourceTree = "<group>"; };
		BD2187871995E2EA00C6C515 /* SDWebImageDownloader.m */ = {isa = PBXFileReference; fileEncoding = 4; lastKnownFileType = sourcecode.c.objc; path = SDWebImageDownloader.m; sourceTree = "<group>"; };
		BD2187881995E2EA00C6C515 /* SDWebImageDownloaderOperation.h */ = {isa = PBXFileReference; fileEncoding = 4; lastKnownFileType = sourcecode.c.h; path = SDWebImageDownloaderOperation.h; sourceTree = "<group>"; };
		BD2187891995E2EA00C6C515 /* SDWebImageDownloaderOperation.m */ = {isa = PBXFileReference; fileEncoding = 4; lastKnownFileType = sourcecode.c.objc; path = SDWebImageDownloaderOperation.m; sourceTree = "<group>"; };
		BD21878A1995E2EA00C6C515 /* SDWebImageManager.h */ = {isa = PBXFileReference; fileEncoding = 4; lastKnownFileType = sourcecode.c.h; path = SDWebImageManager.h; sourceTree = "<group>"; };
		BD21878B1995E2EA00C6C515 /* SDWebImageManager.m */ = {isa = PBXFileReference; fileEncoding = 4; lastKnownFileType = sourcecode.c.objc; path = SDWebImageManager.m; sourceTree = "<group>"; };
		BD21878C1995E2EA00C6C515 /* SDWebImageOperation.h */ = {isa = PBXFileReference; fileEncoding = 4; lastKnownFileType = sourcecode.c.h; path = SDWebImageOperation.h; sourceTree = "<group>"; };
		BD21878D1995E2EA00C6C515 /* SDWebImagePrefetcher.h */ = {isa = PBXFileReference; fileEncoding = 4; lastKnownFileType = sourcecode.c.h; path = SDWebImagePrefetcher.h; sourceTree = "<group>"; };
		BD21878E1995E2EA00C6C515 /* SDWebImagePrefetcher.m */ = {isa = PBXFileReference; fileEncoding = 4; lastKnownFileType = sourcecode.c.objc; path = SDWebImagePrefetcher.m; sourceTree = "<group>"; };
		BD21878F1995E2EA00C6C515 /* UIButton+WebCache.h */ = {isa = PBXFileReference; fileEncoding = 4; lastKnownFileType = sourcecode.c.h; path = "UIButton+WebCache.h"; sourceTree = "<group>"; };
		BD2187901995E2EA00C6C515 /* UIButton+WebCache.m */ = {isa = PBXFileReference; fileEncoding = 4; lastKnownFileType = sourcecode.c.objc; path = "UIButton+WebCache.m"; sourceTree = "<group>"; };
		BD2187911995E2EA00C6C515 /* UIImage+GIF.h */ = {isa = PBXFileReference; fileEncoding = 4; lastKnownFileType = sourcecode.c.h; path = "UIImage+GIF.h"; sourceTree = "<group>"; };
		BD2187921995E2EA00C6C515 /* UIImage+GIF.m */ = {isa = PBXFileReference; fileEncoding = 4; lastKnownFileType = sourcecode.c.objc; path = "UIImage+GIF.m"; sourceTree = "<group>"; };
		BD2187931995E2EA00C6C515 /* UIImage+MultiFormat.h */ = {isa = PBXFileReference; fileEncoding = 4; lastKnownFileType = sourcecode.c.h; path = "UIImage+MultiFormat.h"; sourceTree = "<group>"; };
		BD2187941995E2EA00C6C515 /* UIImage+MultiFormat.m */ = {isa = PBXFileReference; fileEncoding = 4; lastKnownFileType = sourcecode.c.objc; path = "UIImage+MultiFormat.m"; sourceTree = "<group>"; };
		BD2187951995E2EA00C6C515 /* UIImage+WebP.h */ = {isa = PBXFileReference; fileEncoding = 4; lastKnownFileType = sourcecode.c.h; path = "UIImage+WebP.h"; sourceTree = "<group>"; };
		BD2187961995E2EA00C6C515 /* UIImage+WebP.m */ = {isa = PBXFileReference; fileEncoding = 4; lastKnownFileType = sourcecode.c.objc; path = "UIImage+WebP.m"; sourceTree = "<group>"; };
		BD2187971995E2EA00C6C515 /* UIImageView+HighlightedWebCache.h */ = {isa = PBXFileReference; fileEncoding = 4; lastKnownFileType = sourcecode.c.h; path = "UIImageView+HighlightedWebCache.h"; sourceTree = "<group>"; };
		BD2187981995E2EA00C6C515 /* UIImageView+HighlightedWebCache.m */ = {isa = PBXFileReference; fileEncoding = 4; lastKnownFileType = sourcecode.c.objc; path = "UIImageView+HighlightedWebCache.m"; sourceTree = "<group>"; };
		BD2187991995E2EA00C6C515 /* UIImageView+WebCache.h */ = {isa = PBXFileReference; fileEncoding = 4; lastKnownFileType = sourcecode.c.h; path = "UIImageView+WebCache.h"; sourceTree = "<group>"; };
		BD21879A1995E2EA00C6C515 /* UIImageView+WebCache.m */ = {isa = PBXFileReference; fileEncoding = 4; lastKnownFileType = sourcecode.c.objc; path = "UIImageView+WebCache.m"; sourceTree = "<group>"; };
		BD21879B1995E2EA00C6C515 /* UIView+WebCacheOperation.h */ = {isa = PBXFileReference; fileEncoding = 4; lastKnownFileType = sourcecode.c.h; path = "UIView+WebCacheOperation.h"; sourceTree = "<group>"; };
		BD21879C1995E2EA00C6C515 /* UIView+WebCacheOperation.m */ = {isa = PBXFileReference; fileEncoding = 4; lastKnownFileType = sourcecode.c.objc; path = "UIView+WebCacheOperation.m"; sourceTree = "<group>"; };
		BDC9558A198F9B480056A557 /* MapViewSDK.app */ = {isa = PBXFileReference; explicitFileType = wrapper.application; includeInIndex = 0; path = MapViewSDK.app; sourceTree = BUILT_PRODUCTS_DIR; };
		BDC9558D198F9B480056A557 /* Foundation.framework */ = {isa = PBXFileReference; lastKnownFileType = wrapper.framework; name = Foundation.framework; path = System/Library/Frameworks/Foundation.framework; sourceTree = SDKROOT; };
		BDC9558F198F9B480056A557 /* CoreGraphics.framework */ = {isa = PBXFileReference; lastKnownFileType = wrapper.framework; name = CoreGraphics.framework; path = System/Library/Frameworks/CoreGraphics.framework; sourceTree = SDKROOT; };
		BDC95591198F9B480056A557 /* UIKit.framework */ = {isa = PBXFileReference; lastKnownFileType = wrapper.framework; name = UIKit.framework; path = System/Library/Frameworks/UIKit.framework; sourceTree = SDKROOT; };
		BDC95595198F9B480056A557 /* MapViewSDK-Info.plist */ = {isa = PBXFileReference; lastKnownFileType = text.plist.xml; path = "MapViewSDK-Info.plist"; sourceTree = "<group>"; };
		BDC95597198F9B480056A557 /* en */ = {isa = PBXFileReference; lastKnownFileType = text.plist.strings; name = en; path = en.lproj/InfoPlist.strings; sourceTree = "<group>"; };
		BDC95599198F9B480056A557 /* main.m */ = {isa = PBXFileReference; lastKnownFileType = sourcecode.c.objc; path = main.m; sourceTree = "<group>"; };
		BDC9559B198F9B480056A557 /* MapViewSDK-Prefix.pch */ = {isa = PBXFileReference; lastKnownFileType = sourcecode.c.h; path = "MapViewSDK-Prefix.pch"; sourceTree = "<group>"; };
		BDC9559C198F9B480056A557 /* AppDelegate.h */ = {isa = PBXFileReference; lastKnownFileType = sourcecode.c.h; path = AppDelegate.h; sourceTree = "<group>"; };
		BDC9559D198F9B480056A557 /* AppDelegate.m */ = {isa = PBXFileReference; lastKnownFileType = sourcecode.c.objc; path = AppDelegate.m; sourceTree = "<group>"; };
		BDC9559F198F9B480056A557 /* Images.xcassets */ = {isa = PBXFileReference; lastKnownFileType = folder.assetcatalog; path = Images.xcassets; sourceTree = "<group>"; };
		BDC955A5198F9B480056A557 /* MapViewSDKTests.xctest */ = {isa = PBXFileReference; explicitFileType = wrapper.cfbundle; includeInIndex = 0; path = MapViewSDKTests.xctest; sourceTree = BUILT_PRODUCTS_DIR; };
		BDC955A6198F9B480056A557 /* XCTest.framework */ = {isa = PBXFileReference; lastKnownFileType = wrapper.framework; name = XCTest.framework; path = Library/Frameworks/XCTest.framework; sourceTree = DEVELOPER_DIR; };
		BDC955AE198F9B480056A557 /* MapViewSDKTests-Info.plist */ = {isa = PBXFileReference; lastKnownFileType = text.plist.xml; path = "MapViewSDKTests-Info.plist"; sourceTree = "<group>"; };
		BDC955B0198F9B480056A557 /* en */ = {isa = PBXFileReference; lastKnownFileType = text.plist.strings; name = en; path = en.lproj/InfoPlist.strings; sourceTree = "<group>"; };
		BDC955B2198F9B480056A557 /* MapViewSDKTests.m */ = {isa = PBXFileReference; lastKnownFileType = sourcecode.c.objc; path = MapViewSDKTests.m; sourceTree = "<group>"; };
		BDC955BC198F9FAB0056A557 /* ArcGIS.framework */ = {isa = PBXFileReference; lastKnownFileType = wrapper.framework; path = ArcGIS.framework; sourceTree = "<group>"; };
		BDF9CC0519923DE7001D05F8 /* OfflineTiledLayer.h */ = {isa = PBXFileReference; fileEncoding = 4; lastKnownFileType = sourcecode.c.h; path = OfflineTiledLayer.h; sourceTree = "<group>"; };
		BDF9CC0619923DE7001D05F8 /* OfflineTiledLayer.m */ = {isa = PBXFileReference; fileEncoding = 4; lastKnownFileType = sourcecode.c.objc; path = OfflineTiledLayer.m; sourceTree = "<group>"; };
		BDF9CC0719923DE7001D05F8 /* OfflineTileOperation.h */ = {isa = PBXFileReference; fileEncoding = 4; lastKnownFileType = sourcecode.c.h; path = OfflineTileOperation.h; sourceTree = "<group>"; };
		BDF9CC0819923DE7001D05F8 /* OfflineTileOperation.m */ = {isa = PBXFileReference; fileEncoding = 4; lastKnownFileType = sourcecode.c.objc; path = OfflineTileOperation.m; sourceTree = "<group>"; };
/* End PBXFileReference section */

/* Begin PBXFrameworksBuildPhase section */
		BDC95587198F9B480056A557 /* Frameworks */ = {
			isa = PBXFrameworksBuildPhase;
			buildActionMask = 2147483647;
			files = (
				BDC95590198F9B480056A557 /* CoreGraphics.framework in Frameworks */,
				BDC955BD198F9FAB0056A557 /* ArcGIS.framework in Frameworks */,
				BDC95592198F9B480056A557 /* UIKit.framework in Frameworks */,
				BDC9558E198F9B480056A557 /* Foundation.framework in Frameworks */,
			);
			runOnlyForDeploymentPostprocessing = 0;
		};
		BDC955A2198F9B480056A557 /* Frameworks */ = {
			isa = PBXFrameworksBuildPhase;
			buildActionMask = 2147483647;
			files = (
				BDC955A7198F9B480056A557 /* XCTest.framework in Frameworks */,
				BDC955A9198F9B480056A557 /* UIKit.framework in Frameworks */,
				BDC955A8198F9B480056A557 /* Foundation.framework in Frameworks */,
			);
			runOnlyForDeploymentPostprocessing = 0;
		};
/* End PBXFrameworksBuildPhase section */

/* Begin PBXGroup section */
		7E1C044F19A1036F001082CC /* AFNetworking */ = {
			isa = PBXGroup;
			children = (
				7E1C045019A1036F001082CC /* AFHTTPRequestOperation.h */,
				7E1C045119A1036F001082CC /* AFHTTPRequestOperation.m */,
				7E1C045219A1036F001082CC /* AFHTTPRequestOperationManager.h */,
				7E1C045319A1036F001082CC /* AFHTTPRequestOperationManager.m */,
				7E1C045419A1036F001082CC /* AFHTTPSessionManager.h */,
				7E1C045519A1036F001082CC /* AFHTTPSessionManager.m */,
				7E1C045619A1036F001082CC /* AFNetworking.h */,
				7E1C045719A1036F001082CC /* AFNetworkReachabilityManager.h */,
				7E1C045819A1036F001082CC /* AFNetworkReachabilityManager.m */,
				7E1C045919A1036F001082CC /* AFSecurityPolicy.h */,
				7E1C045A19A1036F001082CC /* AFSecurityPolicy.m */,
				7E1C045B19A1036F001082CC /* AFURLConnectionOperation.h */,
				7E1C045C19A1036F001082CC /* AFURLConnectionOperation.m */,
				7E1C045D19A1036F001082CC /* AFURLRequestSerialization.h */,
				7E1C045E19A1036F001082CC /* AFURLRequestSerialization.m */,
				7E1C045F19A1036F001082CC /* AFURLResponseSerialization.h */,
				7E1C046019A1036F001082CC /* AFURLResponseSerialization.m */,
				7E1C046119A1036F001082CC /* AFURLSessionManager.h */,
				7E1C046219A1036F001082CC /* AFURLSessionManager.m */,
				7E1C046319A1036F001082CC /* Reachability.h */,
				7E1C046419A1036F001082CC /* Reachability.m */,
			);
			path = AFNetworking;
			sourceTree = "<group>";
		};
		BD1EF0031994D6CB005E670C /* JSONKit-master */ = {
			isa = PBXGroup;
			children = (
				BD1EF0041994D6CB005E670C /* CHANGELOG.md */,
				BD1EF0051994D6CB005E670C /* JSONKit.h */,
				BD1EF0061994D6CB005E670C /* JSONKit.m */,
				BD1EF0071994D6CB005E670C /* README.md */,
			);
			path = "JSONKit-master";
			sourceTree = "<group>";
		};
		BD21877B1995E2EA00C6C515 /* SDWebImage */ = {
			isa = PBXGroup;
			children = (
				BD21877C1995E2EA00C6C515 /* MKAnnotationView+WebCache.h */,
				BD21877D1995E2EA00C6C515 /* MKAnnotationView+WebCache.m */,
				BD21877E1995E2EA00C6C515 /* NSData+ImageContentType.h */,
				BD21877F1995E2EA00C6C515 /* NSData+ImageContentType.m */,
				BD2187801995E2EA00C6C515 /* SDImageCache.h */,
				BD2187811995E2EA00C6C515 /* SDImageCache.m */,
				BD2187821995E2EA00C6C515 /* SDWebImageCompat.h */,
				BD2187831995E2EA00C6C515 /* SDWebImageCompat.m */,
				BD2187841995E2EA00C6C515 /* SDWebImageDecoder.h */,
				BD2187851995E2EA00C6C515 /* SDWebImageDecoder.m */,
				BD2187861995E2EA00C6C515 /* SDWebImageDownloader.h */,
				BD2187871995E2EA00C6C515 /* SDWebImageDownloader.m */,
				BD2187881995E2EA00C6C515 /* SDWebImageDownloaderOperation.h */,
				BD2187891995E2EA00C6C515 /* SDWebImageDownloaderOperation.m */,
				BD21878A1995E2EA00C6C515 /* SDWebImageManager.h */,
				BD21878B1995E2EA00C6C515 /* SDWebImageManager.m */,
				BD21878C1995E2EA00C6C515 /* SDWebImageOperation.h */,
				BD21878D1995E2EA00C6C515 /* SDWebImagePrefetcher.h */,
				BD21878E1995E2EA00C6C515 /* SDWebImagePrefetcher.m */,
				BD21878F1995E2EA00C6C515 /* UIButton+WebCache.h */,
				BD2187901995E2EA00C6C515 /* UIButton+WebCache.m */,
				BD2187911995E2EA00C6C515 /* UIImage+GIF.h */,
				BD2187921995E2EA00C6C515 /* UIImage+GIF.m */,
				BD2187931995E2EA00C6C515 /* UIImage+MultiFormat.h */,
				BD2187941995E2EA00C6C515 /* UIImage+MultiFormat.m */,
				BD2187951995E2EA00C6C515 /* UIImage+WebP.h */,
				BD2187961995E2EA00C6C515 /* UIImage+WebP.m */,
				BD2187971995E2EA00C6C515 /* UIImageView+HighlightedWebCache.h */,
				BD2187981995E2EA00C6C515 /* UIImageView+HighlightedWebCache.m */,
				BD2187991995E2EA00C6C515 /* UIImageView+WebCache.h */,
				BD21879A1995E2EA00C6C515 /* UIImageView+WebCache.m */,
				BD21879B1995E2EA00C6C515 /* UIView+WebCacheOperation.h */,
				BD21879C1995E2EA00C6C515 /* UIView+WebCacheOperation.m */,
			);
			path = SDWebImage;
			sourceTree = "<group>";
		};
		BDC95581198F9B480056A557 = {
			isa = PBXGroup;
			children = (
				BDC95593198F9B480056A557 /* MapViewSDK */,
				BDC955AC198F9B480056A557 /* MapViewSDKTests */,
				BDC9558C198F9B480056A557 /* Frameworks */,
				BDC9558B198F9B480056A557 /* Products */,
			);
			sourceTree = "<group>";
		};
		BDC9558B198F9B480056A557 /* Products */ = {
			isa = PBXGroup;
			children = (
				BDC9558A198F9B480056A557 /* MapViewSDK.app */,
				BDC955A5198F9B480056A557 /* MapViewSDKTests.xctest */,
			);
			name = Products;
			sourceTree = "<group>";
		};
		BDC9558C198F9B480056A557 /* Frameworks */ = {
			isa = PBXGroup;
			children = (
				BDC955BC198F9FAB0056A557 /* ArcGIS.framework */,
				BDC9558D198F9B480056A557 /* Foundation.framework */,
				BDC9558F198F9B480056A557 /* CoreGraphics.framework */,
				BDC95591198F9B480056A557 /* UIKit.framework */,
				BDC955A6198F9B480056A557 /* XCTest.framework */,
			);
			name = Frameworks;
			sourceTree = "<group>";
		};
		BDC95593198F9B480056A557 /* MapViewSDK */ = {
			isa = PBXGroup;
			children = (
				7E1C044F19A1036F001082CC /* AFNetworking */,
				BD21877B1995E2EA00C6C515 /* SDWebImage */,
				BD1EF0031994D6CB005E670C /* JSONKit-master */,
				BDF9CC0219923DE7001D05F8 /* CustormeTiledLayer */,
				BDC9559C198F9B480056A557 /* AppDelegate.h */,
				BDC9559D198F9B480056A557 /* AppDelegate.m */,
				BDC9559F198F9B480056A557 /* Images.xcassets */,
				BDC95594198F9B480056A557 /* Supporting Files */,
			);
			path = MapViewSDK;
			sourceTree = "<group>";
		};
		BDC95594198F9B480056A557 /* Supporting Files */ = {
			isa = PBXGroup;
			children = (
				BDC95595198F9B480056A557 /* MapViewSDK-Info.plist */,
				BDC95596198F9B480056A557 /* InfoPlist.strings */,
				BDC95599198F9B480056A557 /* main.m */,
				BDC9559B198F9B480056A557 /* MapViewSDK-Prefix.pch */,
			);
			name = "Supporting Files";
			sourceTree = "<group>";
		};
		BDC955AC198F9B480056A557 /* MapViewSDKTests */ = {
			isa = PBXGroup;
			children = (
				BDC955B2198F9B480056A557 /* MapViewSDKTests.m */,
				BDC955AD198F9B480056A557 /* Supporting Files */,
			);
			path = MapViewSDKTests;
			sourceTree = "<group>";
		};
		BDC955AD198F9B480056A557 /* Supporting Files */ = {
			isa = PBXGroup;
			children = (
				BDC955AE198F9B480056A557 /* MapViewSDKTests-Info.plist */,
				BDC955AF198F9B480056A557 /* InfoPlist.strings */,
			);
			name = "Supporting Files";
			sourceTree = "<group>";
		};
		BDF9CC0219923DE7001D05F8 /* CustormeTiledLayer */ = {
			isa = PBXGroup;
			children = (
				BD1EF0001994D532005E670C /* OfflineCacheJsonDelegate.h */,
				BD1EF0011994D532005E670C /* OfflineCacheJsonDelegate.m */,
				BDF9CC0519923DE7001D05F8 /* OfflineTiledLayer.h */,
				BDF9CC0619923DE7001D05F8 /* OfflineTiledLayer.m */,
				BDF9CC0719923DE7001D05F8 /* OfflineTileOperation.h */,
				BDF9CC0819923DE7001D05F8 /* OfflineTileOperation.m */,
			);
			path = CustormeTiledLayer;
			sourceTree = "<group>";
		};
/* End PBXGroup section */

/* Begin PBXNativeTarget section */
		BDC95589198F9B480056A557 /* MapViewSDK */ = {
			isa = PBXNativeTarget;
			buildConfigurationList = BDC955B6198F9B480056A557 /* Build configuration list for PBXNativeTarget "MapViewSDK" */;
			buildPhases = (
				BDC95586198F9B480056A557 /* Sources */,
				BDC95587198F9B480056A557 /* Frameworks */,
				BDC95588198F9B480056A557 /* Resources */,
			);
			buildRules = (
			);
			dependencies = (
			);
			name = MapViewSDK;
			productName = MapViewSDK;
			productReference = BDC9558A198F9B480056A557 /* MapViewSDK.app */;
			productType = "com.apple.product-type.application";
		};
		BDC955A4198F9B480056A557 /* MapViewSDKTests */ = {
			isa = PBXNativeTarget;
			buildConfigurationList = BDC955B9198F9B480056A557 /* Build configuration list for PBXNativeTarget "MapViewSDKTests" */;
			buildPhases = (
				BDC955A1198F9B480056A557 /* Sources */,
				BDC955A2198F9B480056A557 /* Frameworks */,
				BDC955A3198F9B480056A557 /* Resources */,
			);
			buildRules = (
			);
			dependencies = (
				BDC955AB198F9B480056A557 /* PBXTargetDependency */,
			);
			name = MapViewSDKTests;
			productName = MapViewSDKTests;
			productReference = BDC955A5198F9B480056A557 /* MapViewSDKTests.xctest */;
			productType = "com.apple.product-type.bundle.unit-test";
		};
/* End PBXNativeTarget section */

/* Begin PBXProject section */
		BDC95582198F9B480056A557 /* Project object */ = {
			isa = PBXProject;
			attributes = {
				LastUpgradeCheck = 0510;
				ORGANIZATIONNAME = zhangke;
				TargetAttributes = {
					BDC955A4198F9B480056A557 = {
						TestTargetID = BDC95589198F9B480056A557;
					};
				};
			};
			buildConfigurationList = BDC95585198F9B480056A557 /* Build configuration list for PBXProject "MapViewSDK" */;
			compatibilityVersion = "Xcode 3.2";
			developmentRegion = English;
			hasScannedForEncodings = 0;
			knownRegions = (
				en,
			);
			mainGroup = BDC95581198F9B480056A557;
			productRefGroup = BDC9558B198F9B480056A557 /* Products */;
			projectDirPath = "";
			projectRoot = "";
			targets = (
				BDC95589198F9B480056A557 /* MapViewSDK */,
				BDC955A4198F9B480056A557 /* MapViewSDKTests */,
			);
		};
/* End PBXProject section */

/* Begin PBXResourcesBuildPhase section */
		BDC95588198F9B480056A557 /* Resources */ = {
			isa = PBXResourcesBuildPhase;
			buildActionMask = 2147483647;
			files = (
				BDC95598198F9B480056A557 /* InfoPlist.strings in Resources */,
				BD1EF0081994D6CB005E670C /* CHANGELOG.md in Resources */,
				BD1EF00A1994D6CB005E670C /* README.md in Resources */,
				BDC955A0198F9B480056A557 /* Images.xcassets in Resources */,
			);
			runOnlyForDeploymentPostprocessing = 0;
		};
		BDC955A3198F9B480056A557 /* Resources */ = {
			isa = PBXResourcesBuildPhase;
			buildActionMask = 2147483647;
			files = (
				BDC955B1198F9B480056A557 /* InfoPlist.strings in Resources */,
			);
			runOnlyForDeploymentPostprocessing = 0;
		};
/* End PBXResourcesBuildPhase section */

/* Begin PBXSourcesBuildPhase section */
		BDC95586198F9B480056A557 /* Sources */ = {
			isa = PBXSourcesBuildPhase;
			buildActionMask = 2147483647;
			files = (
				7E1C046A19A1036F001082CC /* AFURLConnectionOperation.m in Sources */,
				BD2187A71995E2EA00C6C515 /* UIImage+GIF.m in Sources */,
				BD2187A91995E2EA00C6C515 /* UIImage+WebP.m in Sources */,
				7E1C046519A1036F001082CC /* AFHTTPRequestOperation.m in Sources */,
				7E1C046C19A1036F001082CC /* AFURLResponseSerialization.m in Sources */,
				BD21879E1995E2EA00C6C515 /* NSData+ImageContentType.m in Sources */,
				BDF9CC0B19923DE7001D05F8 /* OfflineTileOperation.m in Sources */,
				BDF9CC0A19923DE7001D05F8 /* OfflineTiledLayer.m in Sources */,
				BD2187A11995E2EA00C6C515 /* SDWebImageDecoder.m in Sources */,
				BDC9559E198F9B480056A557 /* AppDelegate.m in Sources */,
				BD2187A61995E2EA00C6C515 /* UIButton+WebCache.m in Sources */,
				BD2187A41995E2EA00C6C515 /* SDWebImageManager.m in Sources */,
				7E1C046919A1036F001082CC /* AFSecurityPolicy.m in Sources */,
				7E1C046D19A1036F001082CC /* AFURLSessionManager.m in Sources */,
				BDC9559A198F9B480056A557 /* main.m in Sources */,
				BD2187AB1995E2EA00C6C515 /* UIImageView+WebCache.m in Sources */,
				7E1C046719A1036F001082CC /* AFHTTPSessionManager.m in Sources */,
				BD2187AA1995E2EA00C6C515 /* UIImageView+HighlightedWebCache.m in Sources */,
				7E1C046819A1036F001082CC /* AFNetworkReachabilityManager.m in Sources */,
				BD2187A21995E2EA00C6C515 /* SDWebImageDownloader.m in Sources */,
				7E1C046619A1036F001082CC /* AFHTTPRequestOperationManager.m in Sources */,
				7E1C046B19A1036F001082CC /* AFURLRequestSerialization.m in Sources */,
				BD2187A51995E2EA00C6C515 /* SDWebImagePrefetcher.m in Sources */,
				BD1EF0091994D6CB005E670C /* JSONKit.m in Sources */,
				BD21879F1995E2EA00C6C515 /* SDImageCache.m in Sources */,
				BD2187A31995E2EA00C6C515 /* SDWebImageDownloaderOperation.m in Sources */,
				7E1C046E19A1036F001082CC /* Reachability.m in Sources */,
				BD1EF0021994D532005E670C /* OfflineCacheJsonDelegate.m in Sources */,
				BD21879D1995E2EA00C6C515 /* MKAnnotationView+WebCache.m in Sources */,
				BD2187A81995E2EA00C6C515 /* UIImage+MultiFormat.m in Sources */,
				BD2187AC1995E2EA00C6C515 /* UIView+WebCacheOperation.m in Sources */,
				BD2187A01995E2EA00C6C515 /* SDWebImageCompat.m in Sources */,
			);
			runOnlyForDeploymentPostprocessing = 0;
		};
		BDC955A1198F9B480056A557 /* Sources */ = {
			isa = PBXSourcesBuildPhase;
			buildActionMask = 2147483647;
			files = (
				BDC955B3198F9B480056A557 /* MapViewSDKTests.m in Sources */,
			);
			runOnlyForDeploymentPostprocessing = 0;
		};
/* End PBXSourcesBuildPhase section */

/* Begin PBXTargetDependency section */
		BDC955AB198F9B480056A557 /* PBXTargetDependency */ = {
			isa = PBXTargetDependency;
			target = BDC95589198F9B480056A557 /* MapViewSDK */;
			targetProxy = BDC955AA198F9B480056A557 /* PBXContainerItemProxy */;
		};
/* End PBXTargetDependency section */

/* Begin PBXVariantGroup section */
		BDC95596198F9B480056A557 /* InfoPlist.strings */ = {
			isa = PBXVariantGroup;
			children = (
				BDC95597198F9B480056A557 /* en */,
			);
			name = InfoPlist.strings;
			sourceTree = "<group>";
		};
		BDC955AF198F9B480056A557 /* InfoPlist.strings */ = {
			isa = PBXVariantGroup;
			children = (
				BDC955B0198F9B480056A557 /* en */,
			);
			name = InfoPlist.strings;
			sourceTree = "<group>";
		};
/* End PBXVariantGroup section */

/* Begin XCBuildConfiguration section */
		BDC955B4198F9B480056A557 /* Debug */ = {
			isa = XCBuildConfiguration;
			buildSettings = {
				ALWAYS_SEARCH_USER_PATHS = NO;
				CLANG_CXX_LANGUAGE_STANDARD = "gnu++0x";
				CLANG_CXX_LIBRARY = "libc++";
				CLANG_ENABLE_MODULES = YES;
				CLANG_ENABLE_OBJC_ARC = YES;
				CLANG_WARN_BOOL_CONVERSION = YES;
				CLANG_WARN_CONSTANT_CONVERSION = YES;
				CLANG_WARN_DIRECT_OBJC_ISA_USAGE = YES_ERROR;
				CLANG_WARN_EMPTY_BODY = YES;
				CLANG_WARN_ENUM_CONVERSION = YES;
				CLANG_WARN_INT_CONVERSION = YES;
				CLANG_WARN_OBJC_ROOT_CLASS = YES_ERROR;
				CLANG_WARN__DUPLICATE_METHOD_MATCH = YES;
				"CODE_SIGN_IDENTITY[sdk=iphoneos*]" = "iPhone Developer";
				COPY_PHASE_STRIP = NO;
				GCC_C_LANGUAGE_STANDARD = gnu99;
				GCC_DYNAMIC_NO_PIC = NO;
				GCC_OPTIMIZATION_LEVEL = 0;
				GCC_PREPROCESSOR_DEFINITIONS = (
					"DEBUG=1",
					"$(inherited)",
				);
				GCC_SYMBOLS_PRIVATE_EXTERN = NO;
				GCC_WARN_64_TO_32_BIT_CONVERSION = YES;
				GCC_WARN_ABOUT_RETURN_TYPE = YES_ERROR;
				GCC_WARN_UNDECLARED_SELECTOR = YES;
				GCC_WARN_UNINITIALIZED_AUTOS = YES_AGGRESSIVE;
				GCC_WARN_UNUSED_FUNCTION = YES;
				GCC_WARN_UNUSED_VARIABLE = YES;
				IPHONEOS_DEPLOYMENT_TARGET = 7.1;
				ONLY_ACTIVE_ARCH = YES;
				SDKROOT = iphoneos;
				TARGETED_DEVICE_FAMILY = "1,2";
			};
			name = Debug;
		};
		BDC955B5198F9B480056A557 /* Release */ = {
			isa = XCBuildConfiguration;
			buildSettings = {
				ALWAYS_SEARCH_USER_PATHS = NO;
				CLANG_CXX_LANGUAGE_STANDARD = "gnu++0x";
				CLANG_CXX_LIBRARY = "libc++";
				CLANG_ENABLE_MODULES = YES;
				CLANG_ENABLE_OBJC_ARC = YES;
				CLANG_WARN_BOOL_CONVERSION = YES;
				CLANG_WARN_CONSTANT_CONVERSION = YES;
				CLANG_WARN_DIRECT_OBJC_ISA_USAGE = YES_ERROR;
				CLANG_WARN_EMPTY_BODY = YES;
				CLANG_WARN_ENUM_CONVERSION = YES;
				CLANG_WARN_INT_CONVERSION = YES;
				CLANG_WARN_OBJC_ROOT_CLASS = YES_ERROR;
				CLANG_WARN__DUPLICATE_METHOD_MATCH = YES;
				"CODE_SIGN_IDENTITY[sdk=iphoneos*]" = "iPhone Developer";
				COPY_PHASE_STRIP = YES;
				ENABLE_NS_ASSERTIONS = NO;
				GCC_C_LANGUAGE_STANDARD = gnu99;
				GCC_WARN_64_TO_32_BIT_CONVERSION = YES;
				GCC_WARN_ABOUT_RETURN_TYPE = YES_ERROR;
				GCC_WARN_UNDECLARED_SELECTOR = YES;
				GCC_WARN_UNINITIALIZED_AUTOS = YES_AGGRESSIVE;
				GCC_WARN_UNUSED_FUNCTION = YES;
				GCC_WARN_UNUSED_VARIABLE = YES;
				IPHONEOS_DEPLOYMENT_TARGET = 7.1;
				SDKROOT = iphoneos;
				TARGETED_DEVICE_FAMILY = "1,2";
				VALIDATE_PRODUCT = YES;
			};
			name = Release;
		};
		BDC955B7198F9B480056A557 /* Debug */ = {
			isa = XCBuildConfiguration;
			buildSettings = {
				ASSETCATALOG_COMPILER_APPICON_NAME = AppIcon;
				ASSETCATALOG_COMPILER_LAUNCHIMAGE_NAME = LaunchImage;
				CODE_SIGN_IDENTITY = "iPhone Developer: Ke Zhang (Y7Q7L8U3HN)";
				"CODE_SIGN_IDENTITY[sdk=iphoneos*]" = "iPhone Developer: Ke Zhang (Y7Q7L8U3HN)";
				FRAMEWORK_SEARCH_PATHS = (
					"$(inherited)",
					"$(PROJECT_DIR)",
				);
				GCC_PRECOMPILE_PREFIX_HEADER = YES;
				GCC_PREFIX_HEADER = "MapViewSDK/MapViewSDK-Prefix.pch";
				INFOPLIST_FILE = "MapViewSDK/MapViewSDK-Info.plist";
				OTHER_LDFLAGS = (
					"-ObjC",
					"-framework",
					ArcGIS,
					"-l",
					"c++",
				);
				PRODUCT_NAME = "$(TARGET_NAME)";
				PROVISIONING_PROFILE = "3EA5D80C-844B-4C34-BC47-1ED831EA3D9F";
				VALID_ARCHS = "armv7 armv7s arm64";
				WRAPPER_EXTENSION = app;
			};
			name = Debug;
		};
		BDC955B8198F9B480056A557 /* Release */ = {
			isa = XCBuildConfiguration;
			buildSettings = {
				ASSETCATALOG_COMPILER_APPICON_NAME = AppIcon;
				ASSETCATALOG_COMPILER_LAUNCHIMAGE_NAME = LaunchImage;
				CODE_SIGN_IDENTITY = "iPhone Developer: Ke Zhang (Y7Q7L8U3HN)";
				"CODE_SIGN_IDENTITY[sdk=iphoneos*]" = "iPhone Developer: Ke Zhang (Y7Q7L8U3HN)";
				FRAMEWORK_SEARCH_PATHS = (
					"$(inherited)",
					"$(PROJECT_DIR)",
				);
				GCC_PRECOMPILE_PREFIX_HEADER = YES;
				GCC_PREFIX_HEADER = "MapViewSDK/MapViewSDK-Prefix.pch";
				INFOPLIST_FILE = "MapViewSDK/MapViewSDK-Info.plist";
				OTHER_LDFLAGS = (
					"-ObjC",
					"-framework",
					ArcGIS,
					"-l",
					"c++",
				);
				PRODUCT_NAME = "$(TARGET_NAME)";
				PROVISIONING_PROFILE = "3EA5D80C-844B-4C34-BC47-1ED831EA3D9F";
				VALID_ARCHS = "armv7 armv7s arm64";
				WRAPPER_EXTENSION = app;
			};
			name = Release;
		};
		BDC955BA198F9B480056A557 /* Debug */ = {
			isa = XCBuildConfiguration;
			buildSettings = {
				BUNDLE_LOADER = "$(BUILT_PRODUCTS_DIR)/MapViewSDK.app/MapViewSDK";
				FRAMEWORK_SEARCH_PATHS = (
					"$(SDKROOT)/Developer/Library/Frameworks",
					"$(inherited)",
					"$(DEVELOPER_FRAMEWORKS_DIR)",
				);
				GCC_PRECOMPILE_PREFIX_HEADER = YES;
				GCC_PREFIX_HEADER = "MapViewSDK/MapViewSDK-Prefix.pch";
				GCC_PREPROCESSOR_DEFINITIONS = (
					"DEBUG=1",
					"$(inherited)",
				);
				INFOPLIST_FILE = "MapViewSDKTests/MapViewSDKTests-Info.plist";
				PRODUCT_NAME = "$(TARGET_NAME)";
				TEST_HOST = "$(BUNDLE_LOADER)";
				WRAPPER_EXTENSION = xctest;
			};
			name = Debug;
		};
		BDC955BB198F9B480056A557 /* Release */ = {
			isa = XCBuildConfiguration;
			buildSettings = {
				BUNDLE_LOADER = "$(BUILT_PRODUCTS_DIR)/MapViewSDK.app/MapViewSDK";
				FRAMEWORK_SEARCH_PATHS = (
					"$(SDKROOT)/Developer/Library/Frameworks",
					"$(inherited)",
					"$(DEVELOPER_FRAMEWORKS_DIR)",
				);
				GCC_PRECOMPILE_PREFIX_HEADER = YES;
				GCC_PREFIX_HEADER = "MapViewSDK/MapViewSDK-Prefix.pch";
				INFOPLIST_FILE = "MapViewSDKTests/MapViewSDKTests-Info.plist";
				PRODUCT_NAME = "$(TARGET_NAME)";
				TEST_HOST = "$(BUNDLE_LOADER)";
				WRAPPER_EXTENSION = xctest;
			};
			name = Release;
		};
/* End XCBuildConfiguration section */

/* Begin XCConfigurationList section */
		BDC95585198F9B480056A557 /* Build configuration list for PBXProject "MapViewSDK" */ = {
			isa = XCConfigurationList;
			buildConfigurations = (
				BDC955B4198F9B480056A557 /* Debug */,
				BDC955B5198F9B480056A557 /* Release */,
			);
			defaultConfigurationIsVisible = 0;
			defaultConfigurationName = Release;
		};
		BDC955B6198F9B480056A557 /* Build configuration list for PBXNativeTarget "MapViewSDK" */ = {
			isa = XCConfigurationList;
			buildConfigurations = (
				BDC955B7198F9B480056A557 /* Debug */,
				BDC955B8198F9B480056A557 /* Release */,
			);
			defaultConfigurationIsVisible = 0;
			defaultConfigurationName = Release;
		};
		BDC955B9198F9B480056A557 /* Build configuration list for PBXNativeTarget "MapViewSDKTests" */ = {
			isa = XCConfigurationList;
			buildConfigurations = (
				BDC955BA198F9B480056A557 /* Debug */,
				BDC955BB198F9B480056A557 /* Release */,
			);
			defaultConfigurationIsVisible = 0;
			defaultConfigurationName = Release;
		};
/* End XCConfigurationList section */
	};
	rootObject = BDC95582198F9B480056A557 /* Project object */;
}
